// !$*UTF8*$!
{
	archiveVersion = 1;
	classes = {
	};
	objectVersion = 50;
	objects = {

/* Begin PBXBuildFile section */
		207DE55E21BAD62B0045B03B /* LocationViewController.swift in Sources */ = {isa = PBXBuildFile; fileRef = 207DE55D21BAD62B0045B03B /* LocationViewController.swift */; };
		208186A721B8A7FE001A8A6F /* SignInViewController.swift in Sources */ = {isa = PBXBuildFile; fileRef = 208186A621B8A7FE001A8A6F /* SignInViewController.swift */; };
		208186A921B8AABD001A8A6F /* RegisterViewController.swift in Sources */ = {isa = PBXBuildFile; fileRef = 208186A821B8AABD001A8A6F /* RegisterViewController.swift */; };
		208186AB21B8B5FE001A8A6F /* HomeViewController.swift in Sources */ = {isa = PBXBuildFile; fileRef = 208186AA21B8B5FD001A8A6F /* HomeViewController.swift */; };
		208186AD21B8BDDF001A8A6F /* SessionInterfacer.swift in Sources */ = {isa = PBXBuildFile; fileRef = 208186AC21B8BDDF001A8A6F /* SessionInterfacer.swift */; };
		208186AF21B8C2B3001A8A6F /* DonationCenterViewController.swift in Sources */ = {isa = PBXBuildFile; fileRef = 208186AE21B8C2B3001A8A6F /* DonationCenterViewController.swift */; };
		208186B121B8D199001A8A6F /* LocationNavController.swift in Sources */ = {isa = PBXBuildFile; fileRef = 208186B021B8D199001A8A6F /* LocationNavController.swift */; };
		20BCAEF321B8EEF100C723DB /* DonationItemViewController.swift in Sources */ = {isa = PBXBuildFile; fileRef = 20BCAEF221B8EEF100C723DB /* DonationItemViewController.swift */; };
		20E31D4921B716A5007FDFF8 /* AppDelegate.swift in Sources */ = {isa = PBXBuildFile; fileRef = 20E31D4821B716A5007FDFF8 /* AppDelegate.swift */; };
		20E31D4B21B716A5007FDFF8 /* WelcomeViewController.swift in Sources */ = {isa = PBXBuildFile; fileRef = 20E31D4A21B716A5007FDFF8 /* WelcomeViewController.swift */; };
		20E31D4E21B716A5007FDFF8 /* Main.storyboard in Resources */ = {isa = PBXBuildFile; fileRef = 20E31D4C21B716A5007FDFF8 /* Main.storyboard */; };
		20E31D5021B716A6007FDFF8 /* Assets.xcassets in Resources */ = {isa = PBXBuildFile; fileRef = 20E31D4F21B716A6007FDFF8 /* Assets.xcassets */; };
		20E31D5321B716A6007FDFF8 /* LaunchScreen.storyboard in Resources */ = {isa = PBXBuildFile; fileRef = 20E31D5121B716A6007FDFF8 /* LaunchScreen.storyboard */; };
		20E31D5E21B716A6007FDFF8 /* SADJZIOSTests.swift in Sources */ = {isa = PBXBuildFile; fileRef = 20E31D5D21B716A6007FDFF8 /* SADJZIOSTests.swift */; };
		20E31D6921B716A6007FDFF8 /* SADJZIOSUITests.swift in Sources */ = {isa = PBXBuildFile; fileRef = 20E31D6821B716A6007FDFF8 /* SADJZIOSUITests.swift */; };
		20E31D7721B716C0007FDFF8 /* AppReference.swift in Sources */ = {isa = PBXBuildFile; fileRef = 20E31D7621B716C0007FDFF8 /* AppReference.swift */; };
		20E31D7921B71AFA007FDFF8 /* RestEndpoints.swift in Sources */ = {isa = PBXBuildFile; fileRef = 20E31D7821B71AFA007FDFF8 /* RestEndpoints.swift */; };
		20E31D7C21B71EDB007FDFF8 /* UserModel.swift in Sources */ = {isa = PBXBuildFile; fileRef = 20E31D7B21B71EDB007FDFF8 /* UserModel.swift */; };
		20E31D7E21B727EE007FDFF8 /* SearchModel.swift in Sources */ = {isa = PBXBuildFile; fileRef = 20E31D7D21B727EE007FDFF8 /* SearchModel.swift */; };
		20E31D8021B7314E007FDFF8 /* DonationItemModel.swift in Sources */ = {isa = PBXBuildFile; fileRef = 20E31D7F21B7314E007FDFF8 /* DonationItemModel.swift */; };
		20E31D8221B7356F007FDFF8 /* LoginModel.swift in Sources */ = {isa = PBXBuildFile; fileRef = 20E31D8121B7356F007FDFF8 /* LoginModel.swift */; };
		20E31D8421B735D9007FDFF8 /* TokenModel.swift in Sources */ = {isa = PBXBuildFile; fileRef = 20E31D8321B735D9007FDFF8 /* TokenModel.swift */; };
		20E31D8621B7366E007FDFF8 /* RegionModel.swift in Sources */ = {isa = PBXBuildFile; fileRef = 20E31D8521B7366E007FDFF8 /* RegionModel.swift */; };
		20E31D8821B73911007FDFF8 /* LocationModel.swift in Sources */ = {isa = PBXBuildFile; fileRef = 20E31D8721B73911007FDFF8 /* LocationModel.swift */; };
		20E31D8C21B73E1B007FDFF8 /* AccountModel.swift in Sources */ = {isa = PBXBuildFile; fileRef = 20E31D8B21B73E1B007FDFF8 /* AccountModel.swift */; };
		20E31D9621B741F7007FDFF8 /* RestInterfacer.swift in Sources */ = {isa = PBXBuildFile; fileRef = 20E31D9521B741F7007FDFF8 /* RestInterfacer.swift */; };
		20F1889621B9970D00934E36 /* SearchViewController.swift in Sources */ = {isa = PBXBuildFile; fileRef = 20F1889521B9970D00934E36 /* SearchViewController.swift */; };
/* End PBXBuildFile section */

/* Begin PBXContainerItemProxy section */
		20E31D5A21B716A6007FDFF8 /* PBXContainerItemProxy */ = {
			isa = PBXContainerItemProxy;
			containerPortal = 20E31D3D21B716A5007FDFF8 /* Project object */;
			proxyType = 1;
			remoteGlobalIDString = 20E31D4421B716A5007FDFF8;
			remoteInfo = SADJZIOS;
		};
		20E31D6521B716A6007FDFF8 /* PBXContainerItemProxy */ = {
			isa = PBXContainerItemProxy;
			containerPortal = 20E31D3D21B716A5007FDFF8 /* Project object */;
			proxyType = 1;
			remoteGlobalIDString = 20E31D4421B716A5007FDFF8;
			remoteInfo = SADJZIOS;
		};
/* End PBXContainerItemProxy section */

/* Begin PBXFileReference section */
		207DE55D21BAD62B0045B03B /* LocationViewController.swift */ = {isa = PBXFileReference; lastKnownFileType = sourcecode.swift; path = LocationViewController.swift; sourceTree = "<group>"; };
		208186A521B8A58F001A8A6F /* en */ = {isa = PBXFileReference; lastKnownFileType = text.plist.strings; name = en; path = en.lproj/Main.strings; sourceTree = "<group>"; };
		208186A621B8A7FE001A8A6F /* SignInViewController.swift */ = {isa = PBXFileReference; lastKnownFileType = sourcecode.swift; path = SignInViewController.swift; sourceTree = "<group>"; };
		208186A821B8AABD001A8A6F /* RegisterViewController.swift */ = {isa = PBXFileReference; lastKnownFileType = sourcecode.swift; path = RegisterViewController.swift; sourceTree = "<group>"; };
		208186AA21B8B5FD001A8A6F /* HomeViewController.swift */ = {isa = PBXFileReference; lastKnownFileType = sourcecode.swift; path = HomeViewController.swift; sourceTree = "<group>"; };
		208186AC21B8BDDF001A8A6F /* SessionInterfacer.swift */ = {isa = PBXFileReference; lastKnownFileType = sourcecode.swift; path = SessionInterfacer.swift; sourceTree = "<group>"; };
		208186AE21B8C2B3001A8A6F /* DonationCenterViewController.swift */ = {isa = PBXFileReference; lastKnownFileType = sourcecode.swift; path = DonationCenterViewController.swift; sourceTree = "<group>"; };
		208186B021B8D199001A8A6F /* LocationNavController.swift */ = {isa = PBXFileReference; lastKnownFileType = sourcecode.swift; path = LocationNavController.swift; sourceTree = "<group>"; };
		20BCAEF221B8EEF100C723DB /* DonationItemViewController.swift */ = {isa = PBXFileReference; lastKnownFileType = sourcecode.swift; path = DonationItemViewController.swift; sourceTree = "<group>"; };
		20E31D4521B716A5007FDFF8 /* SADJZIOS.app */ = {isa = PBXFileReference; explicitFileType = wrapper.application; includeInIndex = 0; path = SADJZIOS.app; sourceTree = BUILT_PRODUCTS_DIR; };
		20E31D4821B716A5007FDFF8 /* AppDelegate.swift */ = {isa = PBXFileReference; lastKnownFileType = sourcecode.swift; path = AppDelegate.swift; sourceTree = "<group>"; };
		20E31D4A21B716A5007FDFF8 /* WelcomeViewController.swift */ = {isa = PBXFileReference; lastKnownFileType = sourcecode.swift; path = WelcomeViewController.swift; sourceTree = "<group>"; };
		20E31D4D21B716A5007FDFF8 /* Base */ = {isa = PBXFileReference; lastKnownFileType = file.storyboard; name = Base; path = Base.lproj/Main.storyboard; sourceTree = "<group>"; };
		20E31D4F21B716A6007FDFF8 /* Assets.xcassets */ = {isa = PBXFileReference; lastKnownFileType = folder.assetcatalog; path = Assets.xcassets; sourceTree = "<group>"; };
		20E31D5221B716A6007FDFF8 /* Base */ = {isa = PBXFileReference; lastKnownFileType = file.storyboard; name = Base; path = Base.lproj/LaunchScreen.storyboard; sourceTree = "<group>"; };
		20E31D5421B716A6007FDFF8 /* Info.plist */ = {isa = PBXFileReference; lastKnownFileType = text.plist.xml; path = Info.plist; sourceTree = "<group>"; };
		20E31D5921B716A6007FDFF8 /* SADJZIOSTests.xctest */ = {isa = PBXFileReference; explicitFileType = wrapper.cfbundle; includeInIndex = 0; path = SADJZIOSTests.xctest; sourceTree = BUILT_PRODUCTS_DIR; };
		20E31D5D21B716A6007FDFF8 /* SADJZIOSTests.swift */ = {isa = PBXFileReference; lastKnownFileType = sourcecode.swift; path = SADJZIOSTests.swift; sourceTree = "<group>"; };
		20E31D5F21B716A6007FDFF8 /* Info.plist */ = {isa = PBXFileReference; lastKnownFileType = text.plist.xml; path = Info.plist; sourceTree = "<group>"; };
		20E31D6421B716A6007FDFF8 /* SADJZIOSUITests.xctest */ = {isa = PBXFileReference; explicitFileType = wrapper.cfbundle; includeInIndex = 0; path = SADJZIOSUITests.xctest; sourceTree = BUILT_PRODUCTS_DIR; };
		20E31D6821B716A6007FDFF8 /* SADJZIOSUITests.swift */ = {isa = PBXFileReference; lastKnownFileType = sourcecode.swift; path = SADJZIOSUITests.swift; sourceTree = "<group>"; };
		20E31D6A21B716A6007FDFF8 /* Info.plist */ = {isa = PBXFileReference; lastKnownFileType = text.plist.xml; path = Info.plist; sourceTree = "<group>"; };
		20E31D7621B716C0007FDFF8 /* AppReference.swift */ = {isa = PBXFileReference; lastKnownFileType = sourcecode.swift; path = AppReference.swift; sourceTree = "<group>"; };
		20E31D7821B71AFA007FDFF8 /* RestEndpoints.swift */ = {isa = PBXFileReference; lastKnownFileType = sourcecode.swift; path = RestEndpoints.swift; sourceTree = "<group>"; };
		20E31D7B21B71EDB007FDFF8 /* UserModel.swift */ = {isa = PBXFileReference; lastKnownFileType = sourcecode.swift; path = UserModel.swift; sourceTree = "<group>"; };
		20E31D7D21B727EE007FDFF8 /* SearchModel.swift */ = {isa = PBXFileReference; lastKnownFileType = sourcecode.swift; path = SearchModel.swift; sourceTree = "<group>"; };
		20E31D7F21B7314E007FDFF8 /* DonationItemModel.swift */ = {isa = PBXFileReference; lastKnownFileType = sourcecode.swift; path = DonationItemModel.swift; sourceTree = "<group>"; };
		20E31D8121B7356F007FDFF8 /* LoginModel.swift */ = {isa = PBXFileReference; lastKnownFileType = sourcecode.swift; path = LoginModel.swift; sourceTree = "<group>"; };
		20E31D8321B735D9007FDFF8 /* TokenModel.swift */ = {isa = PBXFileReference; lastKnownFileType = sourcecode.swift; path = TokenModel.swift; sourceTree = "<group>"; };
		20E31D8521B7366E007FDFF8 /* RegionModel.swift */ = {isa = PBXFileReference; lastKnownFileType = sourcecode.swift; path = RegionModel.swift; sourceTree = "<group>"; };
		20E31D8721B73911007FDFF8 /* LocationModel.swift */ = {isa = PBXFileReference; lastKnownFileType = sourcecode.swift; path = LocationModel.swift; sourceTree = "<group>"; };
		20E31D8B21B73E1B007FDFF8 /* AccountModel.swift */ = {isa = PBXFileReference; lastKnownFileType = sourcecode.swift; path = AccountModel.swift; sourceTree = "<group>"; };
		20E31D9521B741F7007FDFF8 /* RestInterfacer.swift */ = {isa = PBXFileReference; lastKnownFileType = sourcecode.swift; path = RestInterfacer.swift; sourceTree = "<group>"; };
		20F1889521B9970D00934E36 /* SearchViewController.swift */ = {isa = PBXFileReference; lastKnownFileType = sourcecode.swift; path = SearchViewController.swift; sourceTree = "<group>"; };
/* End PBXFileReference section */

/* Begin PBXFrameworksBuildPhase section */
		20E31D4221B716A5007FDFF8 /* Frameworks */ = {
			isa = PBXFrameworksBuildPhase;
			buildActionMask = 2147483647;
			files = (
			);
			runOnlyForDeploymentPostprocessing = 0;
		};
		20E31D5621B716A6007FDFF8 /* Frameworks */ = {
			isa = PBXFrameworksBuildPhase;
			buildActionMask = 2147483647;
			files = (
			);
			runOnlyForDeploymentPostprocessing = 0;
		};
		20E31D6121B716A6007FDFF8 /* Frameworks */ = {
			isa = PBXFrameworksBuildPhase;
			buildActionMask = 2147483647;
			files = (
			);
			runOnlyForDeploymentPostprocessing = 0;
		};
/* End PBXFrameworksBuildPhase section */

/* Begin PBXGroup section */
		20E31D3C21B716A5007FDFF8 = {
			isa = PBXGroup;
			children = (
				20E31D4721B716A5007FDFF8 /* SADJZIOS */,
				20E31D5C21B716A6007FDFF8 /* SADJZIOSTests */,
				20E31D6721B716A6007FDFF8 /* SADJZIOSUITests */,
				20E31D4621B716A5007FDFF8 /* Products */,
			);
			sourceTree = "<group>";
		};
		20E31D4621B716A5007FDFF8 /* Products */ = {
			isa = PBXGroup;
			children = (
				20E31D4521B716A5007FDFF8 /* SADJZIOS.app */,
				20E31D5921B716A6007FDFF8 /* SADJZIOSTests.xctest */,
				20E31D6421B716A6007FDFF8 /* SADJZIOSUITests.xctest */,
			);
			name = Products;
			sourceTree = "<group>";
		};
		20E31D4721B716A5007FDFF8 /* SADJZIOS */ = {
			isa = PBXGroup;
			children = (
				20E31D8E21B73FB6007FDFF8 /* Interfacers */,
				20E31D8D21B73F2E007FDFF8 /* Consts */,
				20E31D7A21B71EC0007FDFF8 /* Models */,
				20E31D4821B716A5007FDFF8 /* AppDelegate.swift */,
				20E31D4A21B716A5007FDFF8 /* WelcomeViewController.swift */,
				207DE55D21BAD62B0045B03B /* LocationViewController.swift */,
				208186B021B8D199001A8A6F /* LocationNavController.swift */,
				20BCAEF221B8EEF100C723DB /* DonationItemViewController.swift */,
				20F1889521B9970D00934E36 /* SearchViewController.swift */,
				208186AA21B8B5FD001A8A6F /* HomeViewController.swift */,
				208186AE21B8C2B3001A8A6F /* DonationCenterViewController.swift */,
				208186A621B8A7FE001A8A6F /* SignInViewController.swift */,
				208186A821B8AABD001A8A6F /* RegisterViewController.swift */,
				20E31D4C21B716A5007FDFF8 /* Main.storyboard */,
				20E31D4F21B716A6007FDFF8 /* Assets.xcassets */,
				20E31D5121B716A6007FDFF8 /* LaunchScreen.storyboard */,
				20E31D5421B716A6007FDFF8 /* Info.plist */,
			);
			path = SADJZIOS;
			sourceTree = "<group>";
		};
		20E31D5C21B716A6007FDFF8 /* SADJZIOSTests */ = {
			isa = PBXGroup;
			children = (
				20E31D5D21B716A6007FDFF8 /* SADJZIOSTests.swift */,
				20E31D5F21B716A6007FDFF8 /* Info.plist */,
			);
			path = SADJZIOSTests;
			sourceTree = "<group>";
		};
		20E31D6721B716A6007FDFF8 /* SADJZIOSUITests */ = {
			isa = PBXGroup;
			children = (
				20E31D6821B716A6007FDFF8 /* SADJZIOSUITests.swift */,
				20E31D6A21B716A6007FDFF8 /* Info.plist */,
			);
			path = SADJZIOSUITests;
			sourceTree = "<group>";
		};
		20E31D7A21B71EC0007FDFF8 /* Models */ = {
			isa = PBXGroup;
			children = (
				20E31D9421B741A3007FDFF8 /* Region */,
				20E31D9321B74190007FDFF8 /* DonationItem */,
				20E31D9221B74184007FDFF8 /* Search */,
				20E31D9121B7416E007FDFF8 /* Account */,
			);
			path = Models;
			sourceTree = "<group>";
		};
		20E31D8D21B73F2E007FDFF8 /* Consts */ = {
			isa = PBXGroup;
			children = (
				20E31D7821B71AFA007FDFF8 /* RestEndpoints.swift */,
				20E31D7621B716C0007FDFF8 /* AppReference.swift */,
			);
			path = Consts;
			sourceTree = "<group>";
		};
		20E31D8E21B73FB6007FDFF8 /* Interfacers */ = {
			isa = PBXGroup;
			children = (
				20E31D9521B741F7007FDFF8 /* RestInterfacer.swift */,
				208186AC21B8BDDF001A8A6F /* SessionInterfacer.swift */,
			);
			path = Interfacers;
			sourceTree = "<group>";
		};
		20E31D9121B7416E007FDFF8 /* Account */ = {
			isa = PBXGroup;
			children = (
				20E31D8B21B73E1B007FDFF8 /* AccountModel.swift */,
				20E31D7B21B71EDB007FDFF8 /* UserModel.swift */,
				20E31D8121B7356F007FDFF8 /* LoginModel.swift */,
				20E31D8321B735D9007FDFF8 /* TokenModel.swift */,
			);
			path = Account;
			sourceTree = "<group>";
		};
		20E31D9221B74184007FDFF8 /* Search */ = {
			isa = PBXGroup;
			children = (
				20E31D7D21B727EE007FDFF8 /* SearchModel.swift */,
			);
			path = Search;
			sourceTree = "<group>";
		};
		20E31D9321B74190007FDFF8 /* DonationItem */ = {
			isa = PBXGroup;
			children = (
				20E31D7F21B7314E007FDFF8 /* DonationItemModel.swift */,
			);
			path = DonationItem;
			sourceTree = "<group>";
		};
		20E31D9421B741A3007FDFF8 /* Region */ = {
			isa = PBXGroup;
			children = (
				20E31D8521B7366E007FDFF8 /* RegionModel.swift */,
				20E31D8721B73911007FDFF8 /* LocationModel.swift */,
			);
			path = Region;
			sourceTree = "<group>";
		};
/* End PBXGroup section */

/* Begin PBXNativeTarget section */
		20E31D4421B716A5007FDFF8 /* SADJZIOS */ = {
			isa = PBXNativeTarget;
			buildConfigurationList = 20E31D6D21B716A6007FDFF8 /* Build configuration list for PBXNativeTarget "SADJZIOS" */;
			buildPhases = (
				20E31D4121B716A5007FDFF8 /* Sources */,
				20E31D4221B716A5007FDFF8 /* Frameworks */,
				20E31D4321B716A5007FDFF8 /* Resources */,
			);
			buildRules = (
			);
			dependencies = (
			);
			name = SADJZIOS;
			productName = SADJZIOS;
			productReference = 20E31D4521B716A5007FDFF8 /* SADJZIOS.app */;
			productType = "com.apple.product-type.application";
		};
		20E31D5821B716A6007FDFF8 /* SADJZIOSTests */ = {
			isa = PBXNativeTarget;
			buildConfigurationList = 20E31D7021B716A6007FDFF8 /* Build configuration list for PBXNativeTarget "SADJZIOSTests" */;
			buildPhases = (
				20E31D5521B716A6007FDFF8 /* Sources */,
				20E31D5621B716A6007FDFF8 /* Frameworks */,
				20E31D5721B716A6007FDFF8 /* Resources */,
			);
			buildRules = (
			);
			dependencies = (
				20E31D5B21B716A6007FDFF8 /* PBXTargetDependency */,
			);
			name = SADJZIOSTests;
			productName = SADJZIOSTests;
			productReference = 20E31D5921B716A6007FDFF8 /* SADJZIOSTests.xctest */;
			productType = "com.apple.product-type.bundle.unit-test";
		};
		20E31D6321B716A6007FDFF8 /* SADJZIOSUITests */ = {
			isa = PBXNativeTarget;
			buildConfigurationList = 20E31D7321B716A6007FDFF8 /* Build configuration list for PBXNativeTarget "SADJZIOSUITests" */;
			buildPhases = (
				20E31D6021B716A6007FDFF8 /* Sources */,
				20E31D6121B716A6007FDFF8 /* Frameworks */,
				20E31D6221B716A6007FDFF8 /* Resources */,
			);
			buildRules = (
			);
			dependencies = (
				20E31D6621B716A6007FDFF8 /* PBXTargetDependency */,
			);
			name = SADJZIOSUITests;
			productName = SADJZIOSUITests;
			productReference = 20E31D6421B716A6007FDFF8 /* SADJZIOSUITests.xctest */;
			productType = "com.apple.product-type.bundle.ui-testing";
		};
/* End PBXNativeTarget section */

/* Begin PBXProject section */
		20E31D3D21B716A5007FDFF8 /* Project object */ = {
			isa = PBXProject;
			attributes = {
				LastSwiftUpdateCheck = 1010;
				LastUpgradeCheck = 1010;
				ORGANIZATIONNAME = "Afshawn Lotfi";
				TargetAttributes = {
					20E31D4421B716A5007FDFF8 = {
						CreatedOnToolsVersion = 10.1;
					};
					20E31D5821B716A6007FDFF8 = {
						CreatedOnToolsVersion = 10.1;
						TestTargetID = 20E31D4421B716A5007FDFF8;
					};
					20E31D6321B716A6007FDFF8 = {
						CreatedOnToolsVersion = 10.1;
						TestTargetID = 20E31D4421B716A5007FDFF8;
					};
				};
			};
			buildConfigurationList = 20E31D4021B716A5007FDFF8 /* Build configuration list for PBXProject "SADJZIOS" */;
			compatibilityVersion = "Xcode 9.3";
			developmentRegion = en;
			hasScannedForEncodings = 0;
			knownRegions = (
				en,
				Base,
			);
			mainGroup = 20E31D3C21B716A5007FDFF8;
			productRefGroup = 20E31D4621B716A5007FDFF8 /* Products */;
			projectDirPath = "";
			projectRoot = "";
			targets = (
				20E31D4421B716A5007FDFF8 /* SADJZIOS */,
				20E31D5821B716A6007FDFF8 /* SADJZIOSTests */,
				20E31D6321B716A6007FDFF8 /* SADJZIOSUITests */,
			);
		};
/* End PBXProject section */

/* Begin PBXResourcesBuildPhase section */
		20E31D4321B716A5007FDFF8 /* Resources */ = {
			isa = PBXResourcesBuildPhase;
			buildActionMask = 2147483647;
			files = (
				20E31D5321B716A6007FDFF8 /* LaunchScreen.storyboard in Resources */,
				20E31D5021B716A6007FDFF8 /* Assets.xcassets in Resources */,
				20E31D4E21B716A5007FDFF8 /* Main.storyboard in Resources */,
			);
			runOnlyForDeploymentPostprocessing = 0;
		};
		20E31D5721B716A6007FDFF8 /* Resources */ = {
			isa = PBXResourcesBuildPhase;
			buildActionMask = 2147483647;
			files = (
			);
			runOnlyForDeploymentPostprocessing = 0;
		};
		20E31D6221B716A6007FDFF8 /* Resources */ = {
			isa = PBXResourcesBuildPhase;
			buildActionMask = 2147483647;
			files = (
			);
			runOnlyForDeploymentPostprocessing = 0;
		};
/* End PBXResourcesBuildPhase section */

/* Begin PBXSourcesBuildPhase section */
		20E31D4121B716A5007FDFF8 /* Sources */ = {
			isa = PBXSourcesBuildPhase;
			buildActionMask = 2147483647;
			files = (
				208186AD21B8BDDF001A8A6F /* SessionInterfacer.swift in Sources */,
				20E31D8021B7314E007FDFF8 /* DonationItemModel.swift in Sources */,
				20E31D8421B735D9007FDFF8 /* TokenModel.swift in Sources */,
				208186AB21B8B5FE001A8A6F /* HomeViewController.swift in Sources */,
				20BCAEF321B8EEF100C723DB /* DonationItemViewController.swift in Sources */,
				20E31D7921B71AFA007FDFF8 /* RestEndpoints.swift in Sources */,
				20E31D9621B741F7007FDFF8 /* RestInterfacer.swift in Sources */,
				20E31D4B21B716A5007FDFF8 /* WelcomeViewController.swift in Sources */,
				20E31D8C21B73E1B007FDFF8 /* AccountModel.swift in Sources */,
				20E31D7721B716C0007FDFF8 /* AppReference.swift in Sources */,
				208186AF21B8C2B3001A8A6F /* DonationCenterViewController.swift in Sources */,
				20F1889621B9970D00934E36 /* SearchViewController.swift in Sources */,
				208186A721B8A7FE001A8A6F /* SignInViewController.swift in Sources */,
				207DE55E21BAD62B0045B03B /* LocationViewController.swift in Sources */,
				20E31D8821B73911007FDFF8 /* LocationModel.swift in Sources */,
				20E31D7E21B727EE007FDFF8 /* SearchModel.swift in Sources */,
				208186A921B8AABD001A8A6F /* RegisterViewController.swift in Sources */,
				208186B121B8D199001A8A6F /* LocationNavController.swift in Sources */,
				20E31D8221B7356F007FDFF8 /* LoginModel.swift in Sources */,
				20E31D7C21B71EDB007FDFF8 /* UserModel.swift in Sources */,
				20E31D4921B716A5007FDFF8 /* AppDelegate.swift in Sources */,
				20E31D8621B7366E007FDFF8 /* RegionModel.swift in Sources */,
			);
			runOnlyForDeploymentPostprocessing = 0;
		};
		20E31D5521B716A6007FDFF8 /* Sources */ = {
			isa = PBXSourcesBuildPhase;
			buildActionMask = 2147483647;
			files = (
				20E31D5E21B716A6007FDFF8 /* SADJZIOSTests.swift in Sources */,
			);
			runOnlyForDeploymentPostprocessing = 0;
		};
		20E31D6021B716A6007FDFF8 /* Sources */ = {
			isa = PBXSourcesBuildPhase;
			buildActionMask = 2147483647;
			files = (
				20E31D6921B716A6007FDFF8 /* SADJZIOSUITests.swift in Sources */,
			);
			runOnlyForDeploymentPostprocessing = 0;
		};
/* End PBXSourcesBuildPhase section */

/* Begin PBXTargetDependency section */
		20E31D5B21B716A6007FDFF8 /* PBXTargetDependency */ = {
			isa = PBXTargetDependency;
			target = 20E31D4421B716A5007FDFF8 /* SADJZIOS */;
			targetProxy = 20E31D5A21B716A6007FDFF8 /* PBXContainerItemProxy */;
		};
		20E31D6621B716A6007FDFF8 /* PBXTargetDependency */ = {
			isa = PBXTargetDependency;
			target = 20E31D4421B716A5007FDFF8 /* SADJZIOS */;
			targetProxy = 20E31D6521B716A6007FDFF8 /* PBXContainerItemProxy */;
		};
/* End PBXTargetDependency section */

/* Begin PBXVariantGroup section */
		20E31D4C21B716A5007FDFF8 /* Main.storyboard */ = {
			isa = PBXVariantGroup;
			children = (
				20E31D4D21B716A5007FDFF8 /* Base */,
				208186A521B8A58F001A8A6F /* en */,
			);
			name = Main.storyboard;
			sourceTree = "<group>";
		};
		20E31D5121B716A6007FDFF8 /* LaunchScreen.storyboard */ = {
			isa = PBXVariantGroup;
			children = (
				20E31D5221B716A6007FDFF8 /* Base */,
			);
			name = LaunchScreen.storyboard;
			sourceTree = "<group>";
		};
/* End PBXVariantGroup section */

/* Begin XCBuildConfiguration section */
		20E31D6B21B716A6007FDFF8 /* Debug */ = {
			isa = XCBuildConfiguration;
			buildSettings = {
				ALWAYS_SEARCH_USER_PATHS = NO;
				CLANG_ANALYZER_NONNULL = YES;
				CLANG_ANALYZER_NUMBER_OBJECT_CONVERSION = YES_AGGRESSIVE;
				CLANG_CXX_LANGUAGE_STANDARD = "gnu++14";
				CLANG_CXX_LIBRARY = "libc++";
				CLANG_ENABLE_MODULES = YES;
				CLANG_ENABLE_OBJC_ARC = YES;
				CLANG_ENABLE_OBJC_WEAK = YES;
				CLANG_WARN_BLOCK_CAPTURE_AUTORELEASING = YES;
				CLANG_WARN_BOOL_CONVERSION = YES;
				CLANG_WARN_COMMA = YES;
				CLANG_WARN_CONSTANT_CONVERSION = YES;
				CLANG_WARN_DEPRECATED_OBJC_IMPLEMENTATIONS = YES;
				CLANG_WARN_DIRECT_OBJC_ISA_USAGE = YES_ERROR;
				CLANG_WARN_DOCUMENTATION_COMMENTS = YES;
				CLANG_WARN_EMPTY_BODY = YES;
				CLANG_WARN_ENUM_CONVERSION = YES;
				CLANG_WARN_INFINITE_RECURSION = YES;
				CLANG_WARN_INT_CONVERSION = YES;
				CLANG_WARN_NON_LITERAL_NULL_CONVERSION = YES;
				CLANG_WARN_OBJC_IMPLICIT_RETAIN_SELF = YES;
				CLANG_WARN_OBJC_LITERAL_CONVERSION = YES;
				CLANG_WARN_OBJC_ROOT_CLASS = YES_ERROR;
				CLANG_WARN_RANGE_LOOP_ANALYSIS = YES;
				CLANG_WARN_STRICT_PROTOTYPES = YES;
				CLANG_WARN_SUSPICIOUS_MOVE = YES;
				CLANG_WARN_UNGUARDED_AVAILABILITY = YES_AGGRESSIVE;
				CLANG_WARN_UNREACHABLE_CODE = YES;
				CLANG_WARN__DUPLICATE_METHOD_MATCH = YES;
				CODE_SIGN_IDENTITY = "iPhone Developer";
				COPY_PHASE_STRIP = NO;
				DEBUG_INFORMATION_FORMAT = dwarf;
				ENABLE_STRICT_OBJC_MSGSEND = YES;
				ENABLE_TESTABILITY = YES;
				GCC_C_LANGUAGE_STANDARD = gnu11;
				GCC_DYNAMIC_NO_PIC = NO;
				GCC_NO_COMMON_BLOCKS = YES;
				GCC_OPTIMIZATION_LEVEL = 0;
				GCC_PREPROCESSOR_DEFINITIONS = (
					"DEBUG=1",
					"$(inherited)",
				);
				GCC_WARN_64_TO_32_BIT_CONVERSION = YES;
				GCC_WARN_ABOUT_RETURN_TYPE = YES_ERROR;
				GCC_WARN_UNDECLARED_SELECTOR = YES;
				GCC_WARN_UNINITIALIZED_AUTOS = YES_AGGRESSIVE;
				GCC_WARN_UNUSED_FUNCTION = YES;
				GCC_WARN_UNUSED_VARIABLE = YES;
				IPHONEOS_DEPLOYMENT_TARGET = 12.1;
				MTL_ENABLE_DEBUG_INFO = INCLUDE_SOURCE;
				MTL_FAST_MATH = YES;
				ONLY_ACTIVE_ARCH = YES;
				SDKROOT = iphoneos;
				SWIFT_ACTIVE_COMPILATION_CONDITIONS = DEBUG;
				SWIFT_OPTIMIZATION_LEVEL = "-Onone";
			};
			name = Debug;
		};
		20E31D6C21B716A6007FDFF8 /* Release */ = {
			isa = XCBuildConfiguration;
			buildSettings = {
				ALWAYS_SEARCH_USER_PATHS = NO;
				CLANG_ANALYZER_NONNULL = YES;
				CLANG_ANALYZER_NUMBER_OBJECT_CONVERSION = YES_AGGRESSIVE;
				CLANG_CXX_LANGUAGE_STANDARD = "gnu++14";
				CLANG_CXX_LIBRARY = "libc++";
				CLANG_ENABLE_MODULES = YES;
				CLANG_ENABLE_OBJC_ARC = YES;
				CLANG_ENABLE_OBJC_WEAK = YES;
				CLANG_WARN_BLOCK_CAPTURE_AUTORELEASING = YES;
				CLANG_WARN_BOOL_CONVERSION = YES;
				CLANG_WARN_COMMA = YES;
				CLANG_WARN_CONSTANT_CONVERSION = YES;
				CLANG_WARN_DEPRECATED_OBJC_IMPLEMENTATIONS = YES;
				CLANG_WARN_DIRECT_OBJC_ISA_USAGE = YES_ERROR;
				CLANG_WARN_DOCUMENTATION_COMMENTS = YES;
				CLANG_WARN_EMPTY_BODY = YES;
				CLANG_WARN_ENUM_CONVERSION = YES;
				CLANG_WARN_INFINITE_RECURSION = YES;
				CLANG_WARN_INT_CONVERSION = YES;
				CLANG_WARN_NON_LITERAL_NULL_CONVERSION = YES;
				CLANG_WARN_OBJC_IMPLICIT_RETAIN_SELF = YES;
				CLANG_WARN_OBJC_LITERAL_CONVERSION = YES;
				CLANG_WARN_OBJC_ROOT_CLASS = YES_ERROR;
				CLANG_WARN_RANGE_LOOP_ANALYSIS = YES;
				CLANG_WARN_STRICT_PROTOTYPES = YES;
				CLANG_WARN_SUSPICIOUS_MOVE = YES;
				CLANG_WARN_UNGUARDED_AVAILABILITY = YES_AGGRESSIVE;
				CLANG_WARN_UNREACHABLE_CODE = YES;
				CLANG_WARN__DUPLICATE_METHOD_MATCH = YES;
				CODE_SIGN_IDENTITY = "iPhone Developer";
				COPY_PHASE_STRIP = NO;
				DEBUG_INFORMATION_FORMAT = "dwarf-with-dsym";
				ENABLE_NS_ASSERTIONS = NO;
				ENABLE_STRICT_OBJC_MSGSEND = YES;
				GCC_C_LANGUAGE_STANDARD = gnu11;
				GCC_NO_COMMON_BLOCKS = YES;
				GCC_WARN_64_TO_32_BIT_CONVERSION = YES;
				GCC_WARN_ABOUT_RETURN_TYPE = YES_ERROR;
				GCC_WARN_UNDECLARED_SELECTOR = YES;
				GCC_WARN_UNINITIALIZED_AUTOS = YES_AGGRESSIVE;
				GCC_WARN_UNUSED_FUNCTION = YES;
				GCC_WARN_UNUSED_VARIABLE = YES;
				IPHONEOS_DEPLOYMENT_TARGET = 12.1;
				MTL_ENABLE_DEBUG_INFO = NO;
				MTL_FAST_MATH = YES;
				SDKROOT = iphoneos;
				SWIFT_COMPILATION_MODE = wholemodule;
				SWIFT_OPTIMIZATION_LEVEL = "-O";
				VALIDATE_PRODUCT = YES;
			};
			name = Release;
		};
		20E31D6E21B716A6007FDFF8 /* Debug */ = {
			isa = XCBuildConfiguration;
			buildSettings = {
				ASSETCATALOG_COMPILER_APPICON_NAME = AppIcon;
				CODE_SIGN_STYLE = Automatic;
				INFOPLIST_FILE = SADJZIOS/Info.plist;
				LD_RUNPATH_SEARCH_PATHS = (
					"$(inherited)",
					"@executable_path/Frameworks",
				);
				PRODUCT_BUNDLE_IDENTIFIER = com.SADJZ.SADJZIOS;
				PRODUCT_NAME = "$(TARGET_NAME)";
				SWIFT_VERSION = 4.2;
				TARGETED_DEVICE_FAMILY = "1,2";
			};
			name = Debug;
		};
		20E31D6F21B716A6007FDFF8 /* Release */ = {
			isa = XCBuildConfiguration;
			buildSettings = {
				ASSETCATALOG_COMPILER_APPICON_NAME = AppIcon;
				CODE_SIGN_STYLE = Automatic;
				INFOPLIST_FILE = SADJZIOS/Info.plist;
				LD_RUNPATH_SEARCH_PATHS = (
					"$(inherited)",
					"@executable_path/Frameworks",
				);
				PRODUCT_BUNDLE_IDENTIFIER = com.SADJZ.SADJZIOS;
				PRODUCT_NAME = "$(TARGET_NAME)";
				SWIFT_VERSION = 4.2;
				TARGETED_DEVICE_FAMILY = "1,2";
			};
			name = Release;
		};
		20E31D7121B716A6007FDFF8 /* Debug */ = {
			isa = XCBuildConfiguration;
			buildSettings = {
				ALWAYS_EMBED_SWIFT_STANDARD_LIBRARIES = YES;
				BUNDLE_LOADER = "$(TEST_HOST)";
				CODE_SIGN_STYLE = Automatic;
				INFOPLIST_FILE = SADJZIOSTests/Info.plist;
				LD_RUNPATH_SEARCH_PATHS = (
					"$(inherited)",
					"@executable_path/Frameworks",
					"@loader_path/Frameworks",
				);
				PRODUCT_BUNDLE_IDENTIFIER = com.SADJZ.SADJZIOSTests;
				PRODUCT_NAME = "$(TARGET_NAME)";
				SWIFT_VERSION = 4.2;
				TARGETED_DEVICE_FAMILY = "1,2";
				TEST_HOST = "$(BUILT_PRODUCTS_DIR)/SADJZIOS.app/SADJZIOS";
			};
			name = Debug;
		};
		20E31D7221B716A6007FDFF8 /* Release */ = {
			isa = XCBuildConfiguration;
			buildSettings = {
				ALWAYS_EMBED_SWIFT_STANDARD_LIBRARIES = YES;
				BUNDLE_LOADER = "$(TEST_HOST)";
				CODE_SIGN_STYLE = Automatic;
				INFOPLIST_FILE = SADJZIOSTests/Info.plist;
				LD_RUNPATH_SEARCH_PATHS = (
					"$(inherited)",
					"@executable_path/Frameworks",
					"@loader_path/Frameworks",
				);
				PRODUCT_BUNDLE_IDENTIFIER = com.SADJZ.SADJZIOSTests;
				PRODUCT_NAME = "$(TARGET_NAME)";
				SWIFT_VERSION = 4.2;
				TARGETED_DEVICE_FAMILY = "1,2";
				TEST_HOST = "$(BUILT_PRODUCTS_DIR)/SADJZIOS.app/SADJZIOS";
			};
			name = Release;
		};
		20E31D7421B716A6007FDFF8 /* Debug */ = {
			isa = XCBuildConfiguration;
			buildSettings = {
				ALWAYS_EMBED_SWIFT_STANDARD_LIBRARIES = YES;
				CODE_SIGN_STYLE = Automatic;
				INFOPLIST_FILE = SADJZIOSUITests/Info.plist;
				LD_RUNPATH_SEARCH_PATHS = (
					"$(inherited)",
					"@executable_path/Frameworks",
					"@loader_path/Frameworks",
				);
				PRODUCT_BUNDLE_IDENTIFIER = com.SADJZ.SADJZIOSUITests;
				PRODUCT_NAME = "$(TARGET_NAME)";
				SWIFT_VERSION = 4.2;
				TARGETED_DEVICE_FAMILY = "1,2";
				TEST_TARGET_NAME = SADJZIOS;
			};
			name = Debug;
		};
		20E31D7521B716A6007FDFF8 /* Release */ = {
			isa = XCBuildConfiguration;
			buildSettings = {
				ALWAYS_EMBED_SWIFT_STANDARD_LIBRARIES = YES;
				CODE_SIGN_STYLE = Automatic;
				INFOPLIST_FILE = SADJZIOSUITests/Info.plist;
				LD_RUNPATH_SEARCH_PATHS = (
					"$(inherited)",
					"@executable_path/Frameworks",
					"@loader_path/Frameworks",
				);
				PRODUCT_BUNDLE_IDENTIFIER = com.SADJZ.SADJZIOSUITests;
				PRODUCT_NAME = "$(TARGET_NAME)";
				SWIFT_VERSION = 4.2;
				TARGETED_DEVICE_FAMILY = "1,2";
				TEST_TARGET_NAME = SADJZIOS;
			};
			name = Release;
		};
/* End XCBuildConfiguration section */

/* Begin XCConfigurationList section */
		20E31D4021B716A5007FDFF8 /* Build configuration list for PBXProject "SADJZIOS" */ = {
			isa = XCConfigurationList;
			buildConfigurations = (
				20E31D6B21B716A6007FDFF8 /* Debug */,
				20E31D6C21B716A6007FDFF8 /* Release */,
			);
			defaultConfigurationIsVisible = 0;
			defaultConfigurationName = Release;
		};
		20E31D6D21B716A6007FDFF8 /* Build configuration list for PBXNativeTarget "SADJZIOS" */ = {
			isa = XCConfigurationList;
			buildConfigurations = (
				20E31D6E21B716A6007FDFF8 /* Debug */,
				20E31D6F21B716A6007FDFF8 /* Release */,
			);
			defaultConfigurationIsVisible = 0;
			defaultConfigurationName = Release;
		};
		20E31D7021B716A6007FDFF8 /* Build configuration list for PBXNativeTarget "SADJZIOSTests" */ = {
			isa = XCConfigurationList;
			buildConfigurations = (
				20E31D7121B716A6007FDFF8 /* Debug */,
				20E31D7221B716A6007FDFF8 /* Release */,
			);
			defaultConfigurationIsVisible = 0;
			defaultConfigurationName = Release;
		};
		20E31D7321B716A6007FDFF8 /* Build configuration list for PBXNativeTarget "SADJZIOSUITests" */ = {
			isa = XCConfigurationList;
			buildConfigurations = (
				20E31D7421B716A6007FDFF8 /* Debug */,
				20E31D7521B716A6007FDFF8 /* Release */,
			);
			defaultConfigurationIsVisible = 0;
			defaultConfigurationName = Release;
		};
/* End XCConfigurationList section */
	};
	rootObject = 20E31D3D21B716A5007FDFF8 /* Project object */;
}
